<?xml version="1.0" encoding="utf-8"?>
<Project ToolsVersion="4.0" xmlns="http://schemas.microsoft.com/developer/msbuild/2003">
  <ItemGroup>
    <Filter Include="Source Files">
      <UniqueIdentifier>{4FC737F1-C7A5-4376-A066-2A32D752A2FF}</UniqueIdentifier>
      <Extensions>cpp;c;cc;cxx;c++;cppm;ixx;def;odl;idl;hpj;bat;asm;asmx</Extensions>
    </Filter>
    <Filter Include="Header Files">
      <UniqueIdentifier>{93995380-89BD-4b04-88EB-625FBE52EBFB}</UniqueIdentifier>
      <Extensions>h;hh;hpp;hxx;h++;hm;inl;inc;ipp;xsd</Extensions>
    </Filter>
    <Filter Include="Resource Files">
      <UniqueIdentifier>{67DA6AB6-F800-4c08-8B7A-83BB121AAD01}</UniqueIdentifier>
      <Extensions>rc;ico;cur;bmp;dlg;rc2;rct;bin;rgs;gif;jpg;jpeg;jpe;resx;tiff;tif;png;wav;mfcribbon-ms</Extensions>
    </Filter>
    <Filter Include="States">
      <UniqueIdentifier>{c34d583f-454c-4106-8a12-34ea7e7514fc}</UniqueIdentifier>
    </Filter>
    <Filter Include="Entities">
      <UniqueIdentifier>{324b9d86-68a8-4fbe-9ef4-973989b7ce37}</UniqueIdentifier>
    </Filter>
    <Filter Include="Components">
      <UniqueIdentifier>{fb826a6c-e9f9-4ba2-8245-09657b8134b5}</UniqueIdentifier>
    </Filter>
    <Filter Include="GUI">
      <UniqueIdentifier>{696f1521-a81e-4158-be99-a3607bbdb892}</UniqueIdentifier>
    </Filter>
    <Filter Include="Entities\Enimies">
      <UniqueIdentifier>{0d669f78-8583-4b26-bbd4-a7ce39d26104}</UniqueIdentifier>
    </Filter>
    <Filter Include="Entities\Obstacles">
      <UniqueIdentifier>{4ce47aef-70f6-4cb7-b0a3-9128842a14d9}</UniqueIdentifier>
    </Filter>
    <Filter Include="Entities\Players">
      <UniqueIdentifier>{f6fc8f76-900a-423c-9423-105f4e574d93}</UniqueIdentifier>
    </Filter>
    <Filter Include="Lists">
      <UniqueIdentifier>{d2229e06-88d7-4c93-8c4e-b14136e34326}</UniqueIdentifier>
    </Filter>
    <Filter Include="Entities\TileMap">
      <UniqueIdentifier>{3288bbdc-b68e-4933-835b-79f05024514c}</UniqueIdentifier>
    </Filter>
    <Filter Include="States\GameStates">
      <UniqueIdentifier>{ea168c3e-c572-4a55-adbc-28ec8894ab48}</UniqueIdentifier>
    </Filter>
    <Filter Include="States\MenuStates">
      <UniqueIdentifier>{0f1ad52c-4c5a-4bdd-a8a6-5bdc05996234}</UniqueIdentifier>
    </Filter>
  </ItemGroup>
  <ItemGroup>
    <ClCompile Include="main.cpp">
      <Filter>Source Files</Filter>
    </ClCompile>
    <ClCompile Include="Game.cpp">
      <Filter>Source Files</Filter>
    </ClCompile>
    <ClCompile Include="Button.cpp">
      <Filter>Resource Files</Filter>
    </ClCompile>
    <ClCompile Include="State.cpp">
      <Filter>States</Filter>
    </ClCompile>
    <ClCompile Include="Entity.cpp">
      <Filter>Entities</Filter>
    </ClCompile>
    <ClCompile Include="MovementComponent.cpp">
      <Filter>Components</Filter>
    </ClCompile>
    <ClCompile Include="AnimationComponent.cpp">
      <Filter>Components</Filter>
    </ClCompile>
    <ClCompile Include="HitboxComponent.cpp">
      <Filter>Components</Filter>
    </ClCompile>
    <ClCompile Include="PauseMenu.cpp">
      <Filter>GUI</Filter>
    </ClCompile>
    <ClCompile Include="Enemy.cpp">
      <Filter>Entities\Enimies</Filter>
    </ClCompile>
    <ClCompile Include="Player.cpp">
      <Filter>Entities\Players</Filter>
    </ClCompile>
    <ClCompile Include="Portal.cpp">
      <Filter>Entities\Obstacles</Filter>
    </ClCompile>
    <ClCompile Include="Bunny.cpp">
      <Filter>Entities\Enimies</Filter>
    </ClCompile>
    <ClCompile Include="Plant.cpp">
      <Filter>Entities\Enimies</Filter>
    </ClCompile>
    <ClCompile Include="Flame.cpp">
      <Filter>Entities\Obstacles</Filter>
    </ClCompile>
    <ClCompile Include="Box.cpp">
      <Filter>Entities\Obstacles</Filter>
    </ClCompile>
    <ClCompile Include="EntityList.cpp">
      <Filter>Lists</Filter>
    </ClCompile>
    <ClCompile Include="StateManager.cpp">
      <Filter>Resource Files</Filter>
    </ClCompile>
    <ClCompile Include="Tile.cpp">
      <Filter>Entities\TileMap</Filter>
    </ClCompile>
    <ClCompile Include="Tilemap.cpp">
      <Filter>Entities\TileMap</Filter>
    </ClCompile>
    <ClCompile Include="GameState.cpp">
      <Filter>States\GameStates</Filter>
    </ClCompile>
    <ClCompile Include="GameMenuState.cpp">
      <Filter>States\MenuStates</Filter>
    </ClCompile>
    <ClCompile Include="MainMenu.cpp">
      <Filter>States\MenuStates</Filter>
    </ClCompile>
    <ClCompile Include="NewGameMenuState.cpp">
      <Filter>States\MenuStates</Filter>
    </ClCompile>
  </ItemGroup>
  <ItemGroup>
    <ClInclude Include="Game.h">
      <Filter>Header Files</Filter>
    </ClInclude>
    <ClInclude Include="Button.h">
      <Filter>Resource Files</Filter>
    </ClInclude>
    <ClInclude Include="State.h">
      <Filter>States</Filter>
    </ClInclude>
    <ClInclude Include="Entity.h">
      <Filter>Entities</Filter>
    </ClInclude>
    <ClInclude Include="MovementComponent.h">
      <Filter>Components</Filter>
    </ClInclude>
    <ClInclude Include="AnimationComponent.h">
      <Filter>Components</Filter>
    </ClInclude>
    <ClInclude Include="HitboxComponent.h">
      <Filter>Components</Filter>
    </ClInclude>
    <ClInclude Include="PauseMenu.h">
      <Filter>GUI</Filter>
    </ClInclude>
    <ClInclude Include="Enemy.h">
      <Filter>Entities\Enimies</Filter>
    </ClInclude>
    <ClInclude Include="Player.h">
      <Filter>Entities\Players</Filter>
    </ClInclude>
    <ClInclude Include="Portal.h">
      <Filter>Entities\Obstacles</Filter>
    </ClInclude>
    <ClInclude Include="Bunny.h">
      <Filter>Entities\Enimies</Filter>
    </ClInclude>
    <ClInclude Include="Plant.h">
      <Filter>Entities\Enimies</Filter>
    </ClInclude>
    <ClInclude Include="Flame.h">
      <Filter>Entities\Obstacles</Filter>
    </ClInclude>
    <ClInclude Include="Box.h">
      <Filter>Entities\Obstacles</Filter>
    </ClInclude>
    <ClInclude Include="Element.h">
      <Filter>Resource Files</Filter>
    </ClInclude>
    <ClInclude Include="StateManager.h">
      <Filter>Resource Files</Filter>
    </ClInclude>
    <ClInclude Include="List.h">
      <Filter>Lists</Filter>
    </ClInclude>
    <ClInclude Include="EntityList.h">
      <Filter>Lists</Filter>
    </ClInclude>
    <ClInclude Include="Tile.h">
      <Filter>Entities\TileMap</Filter>
    </ClInclude>
    <ClInclude Include="Tilemap.h">
      <Filter>Entities\TileMap</Filter>
    </ClInclude>
    <ClInclude Include="GameState.h">
      <Filter>States\GameStates</Filter>
    </ClInclude>
    <ClInclude Include="NewGameMenuState.h">
      <Filter>States\MenuStates</Filter>
    </ClInclude>
    <ClInclude Include="GameMenuState.h">
      <Filter>States\MenuStates</Filter>
    </ClInclude>
    <ClInclude Include="MainMenu.h">
      <Filter>States\MenuStates</Filter>
    </ClInclude>
  </ItemGroup>
</Project>